schema: '2.0'
stages:
  train@LogisticRegression-LocalClassifierPerNode-beta-geometric-100:
    cmd: python run_experiment.py  --base_classifier LogisticRegression --model LocalClassifierPerNode
      --calibration_method beta --probability_combiner geometric --n_jobs 4 --random_state
      100
    deps:
    - path: data/complaints.csv.zip
      hash: md5
      md5: cb2a3fbca498d4071ed7a15720221418
      size: 765270866
    - path: run_experiment.py
      hash: md5
      md5: 931f7d502497cb6b5ef14497a3e71e28
      size: 5722
  train@LogisticRegression-LocalClassifierPerNode-sigmoid-geometric-100:
    cmd: python run_experiment.py  --base_classifier LogisticRegression --model LocalClassifierPerNode
      --calibration_method sigmoid --probability_combiner geometric --n_jobs 4 --random_state
      100
    deps:
    - path: data/complaints.csv.zip
      hash: md5
      md5: cb2a3fbca498d4071ed7a15720221418
      size: 765270866
    - path: run_experiment.py
      hash: md5
      md5: 9f62a8da9eabf0b158cccac7bb1d9b91
      size: 5992
  train@LogisticRegression-LocalClassifierPerNode-sigmoid-100:
    cmd: python train.py  --base_classifier LogisticRegression --model LocalClassifierPerNode
      --calibration_method sigmoid --n_jobs 4 --random_state 100
    deps:
    - path: data/complaints.csv.zip
      hash: md5
      md5: cb2a3fbca498d4071ed7a15720221418
      size: 765270866
    - path: train.py
      hash: md5
      md5: 88fd3c3c10e798af9d1a953927881960
      size: 6032
  train@LogisticRegression-LocalClassifierPerNode-isotonic-100:
    cmd: python run_experiment.py  --base_classifier LogisticRegression --model LocalClassifierPerNode
      --calibration_method isotonic --n_jobs 4 --random_state 100
    deps:
    - path: data/complaints.csv.zip
      hash: md5
      md5: cb2a3fbca498d4071ed7a15720221418
      size: 765270866
    - path: run_experiment.py
      hash: md5
      md5: 9f62a8da9eabf0b158cccac7bb1d9b91
      size: 5992
  train@LogisticRegression-LocalClassifierPerNode-beta-100:
    cmd: python run_experiment.py  --base_classifier LogisticRegression --model LocalClassifierPerNode
      --calibration_method beta --n_jobs 4 --random_state 100
    deps:
    - path: data/complaints.csv.zip
      hash: md5
      md5: cb2a3fbca498d4071ed7a15720221418
      size: 765270866
    - path: run_experiment.py
      hash: md5
      md5: 9f62a8da9eabf0b158cccac7bb1d9b91
      size: 5992
  train@LogisticRegression-LocalClassifierPerNode-ivap-100:
    cmd: python run_experiment.py  --base_classifier LogisticRegression --model LocalClassifierPerNode
      --calibration_method ivap --n_jobs 4 --random_state 100
    deps:
    - path: data/complaints.csv.zip
      hash: md5
      md5: cb2a3fbca498d4071ed7a15720221418
      size: 765270866
    - path: run_experiment.py
      hash: md5
      md5: 9f62a8da9eabf0b158cccac7bb1d9b91
      size: 5992
  train@LogisticRegression-LocalClassifierPerNode-cvap-100:
    cmd: python run_experiment.py  --base_classifier LogisticRegression --model LocalClassifierPerNode
      --calibration_method cvap --n_jobs 4 --random_state 100
    deps:
    - path: data/complaints.csv.zip
      hash: md5
      md5: cb2a3fbca498d4071ed7a15720221418
      size: 765270866
    - path: run_experiment.py
      hash: md5
      md5: 9f62a8da9eabf0b158cccac7bb1d9b91
      size: 5992
  train@LogisticRegression-LocalClassifierPerNode-None-100:
    cmd: python run_experiment.py  --base_classifier LogisticRegression --model LocalClassifierPerNode
      --calibration_method None --n_jobs 4 --random_state 100
    deps:
    - path: data/complaints.csv.zip
      hash: md5
      md5: cb2a3fbca498d4071ed7a15720221418
      size: 765270866
    - path: run_experiment.py
      hash: md5
      md5: 9f62a8da9eabf0b158cccac7bb1d9b91
      size: 5992
  train@MultinomialNB-LocalClassifierPerNode-beta-100:
    cmd: python run_experiment.py  --base_classifier MultinomialNB --model LocalClassifierPerNode
      --calibration_method beta --n_jobs 4 --random_state 100
    deps:
    - path: data/complaints.csv.zip
      hash: md5
      md5: cb2a3fbca498d4071ed7a15720221418
      size: 765270866
    - path: run_experiment.py
      hash: md5
      md5: 9f62a8da9eabf0b158cccac7bb1d9b91
      size: 5992
  train@MultinomialNB-LocalClassifierPerNode-sigmoid-100:
    cmd: python run_experiment.py  --base_classifier MultinomialNB --model LocalClassifierPerNode
      --calibration_method sigmoid --n_jobs 4 --random_state 100
    deps:
    - path: data/complaints.csv.zip
      hash: md5
      md5: cb2a3fbca498d4071ed7a15720221418
      size: 765270866
    - path: run_experiment.py
      hash: md5
      md5: 88fd3c3c10e798af9d1a953927881960
      size: 6032
  train@RandomForestClassifier-LocalClassifierPerNode-sigmoid-100:
    cmd: python run_experiment.py  --base_classifier RandomForestClassifier --model
      LocalClassifierPerNode --calibration_method sigmoid --n_jobs 4 --random_state
      100
    deps:
    - path: data/complaints.csv.zip
      hash: md5
      md5: cb2a3fbca498d4071ed7a15720221418
      size: 765270866
    - path: run_experiment.py
      hash: md5
      md5: 88fd3c3c10e798af9d1a953927881960
      size: 6032
  train@KNeighborsClassifier-LocalClassifierPerNode-sigmoid-100:
    cmd: python run_experiment.py  --base_classifier KNeighborsClassifier --model
      LocalClassifierPerNode --calibration_method sigmoid --n_jobs 4 --random_state
      100
    deps:
    - path: data/complaints.csv.zip
      hash: md5
      md5: cb2a3fbca498d4071ed7a15720221418
      size: 765270866
    - path: run_experiment.py
      hash: md5
      md5: 88fd3c3c10e798af9d1a953927881960
      size: 6032
  train@DecisionTreeClassifier-LocalClassifierPerNode-sigmoid-100:
    cmd: python run_experiment.py  --base_classifier DecisionTreeClassifier --model
      LocalClassifierPerNode --calibration_method sigmoid --n_jobs 4 --random_state
      100
    deps:
    - path: data/complaints.csv.zip
      hash: md5
      md5: cb2a3fbca498d4071ed7a15720221418
      size: 765270866
    - path: run_experiment.py
      hash: md5
      md5: 88fd3c3c10e798af9d1a953927881960
      size: 6032
  train@CatBoostClassifier-LocalClassifierPerNode-sigmoid-100:
    cmd: python run_experiment.py  --base_classifier CatBoostClassifier --model LocalClassifierPerNode
      --calibration_method sigmoid --n_jobs 4 --random_state 100
    deps:
    - path: data/complaints.csv.zip
      hash: md5
      md5: cb2a3fbca498d4071ed7a15720221418
      size: 765270866
    - path: run_experiment.py
      hash: md5
      md5: 88fd3c3c10e798af9d1a953927881960
      size: 6032
  train@LogisticRegression-LocalClassifierPerNode-sigmoid-100-0.7-0.2:
    cmd: python train.py  --base_classifier LogisticRegression --model LocalClassifierPerNode
      --calibration_method sigmoid --n_jobs 4 --random_state 100 --train_split 0.7
      --cal_split 0.2
    deps:
    - path: data/complaints.csv.zip
      hash: md5
      md5: cb2a3fbca498d4071ed7a15720221418
      size: 765270866
    - path: train.py
      hash: md5
      md5: 5f8b0cf703d9487717df23512290410c
      size: 6804
  train@LogisticRegression-LocalClassifierPerNode-sigmoid-100-0.45-0.35:
    cmd: python train.py  --base_classifier LogisticRegression --model LocalClassifierPerNode
      --calibration_method sigmoid --n_jobs 4 --random_state 100 --train_split 0.45
      --cal_split 0.35
    deps:
    - path: data/complaints.csv.zip
      hash: md5
      md5: cb2a3fbca498d4071ed7a15720221418
      size: 765270866
    - path: train.py
      hash: md5
      md5: 4f06ed283962196172506649c47a7f28
      size: 6886
    outs:
    - path: results/train_LocalClassifierPerNode_LogisticRegression_100.sav
      hash: md5
      md5: 01669d6214737607fcde4f3228c8f270
      size: 18438292
  train@LogisticRegression-LocalClassifierPerParentNode-sigmoid-100-0.45-0.35:
    cmd: python train.py  --base_classifier LogisticRegression --model LocalClassifierPerParentNode
      --calibration_method sigmoid --n_jobs 4 --random_state 100 --train_split 0.45
      --cal_split 0.35
    deps:
    - path: data/complaints.csv.zip
      hash: md5
      md5: cb2a3fbca498d4071ed7a15720221418
      size: 765270866
    - path: train.py
      hash: md5
      md5: eb6a6d736cacb153663410d495c312b9
      size: 6902
  train@LogisticRegression-LocalClassifierPerParentNode-isotonic-100-0.45-0.35:
    cmd: python train.py  --base_classifier LogisticRegression --model LocalClassifierPerParentNode
      --calibration_method isotonic --n_jobs 4 --random_state 100 --train_split 0.45
      --cal_split 0.35
    deps:
    - path: data/complaints.csv.zip
      hash: md5
      md5: cb2a3fbca498d4071ed7a15720221418
      size: 765270866
    - path: train.py
      hash: md5
      md5: eb6a6d736cacb153663410d495c312b9
      size: 6902
  calibrate@LogisticRegression-LocalClassifierPerParentNode-sigmoid-100-0.45-0.35:
    cmd: python calibrate.py  --base_classifier LogisticRegression --model LocalClassifierPerParentNode
      --calibration_method sigmoid --random_state 100 --train_split 0.45 --cal_split
      0.35
    deps:
    - path: calibrate.py
      hash: md5
      md5: f277a9181116c3a4476c5f187eab5d8d
      size: 2882
    - path: data/complaints.csv.zip
      hash: md5
      md5: cb2a3fbca498d4071ed7a15720221418
      size: 765270866
    - path: results/train/
      hash: md5
      md5: bb5738e8551aab0297d04b3f8a90e4d2.dir
      size: 5278047
      nfiles: 1
  calibrate@LogisticRegression-LocalClassifierPerParentNode-isotonic-100-0.45-0.35:
    cmd: python calibrate.py  --base_classifier LogisticRegression --model LocalClassifierPerParentNode
      --calibration_method isotonic --random_state 100 --train_split 0.45 --cal_split
      0.35
    deps:
    - path: calibrate.py
      hash: md5
      md5: f277a9181116c3a4476c5f187eab5d8d
      size: 2882
    - path: data/complaints.csv.zip
      hash: md5
      md5: cb2a3fbca498d4071ed7a15720221418
      size: 765270866
    - path: results/train/
      hash: md5
      md5: bb5738e8551aab0297d04b3f8a90e4d2.dir
      size: 5278047
      nfiles: 1
  train@LogisticRegression-LocalClassifierPerParentNode-100-0.45-0.35:
    cmd: python train.py  --base_classifier LogisticRegression --model LocalClassifierPerParentNode
      --n_jobs 4 --random_state 100 --train_split 0.45 --cal_split 0.35
    deps:
    - path: data/complaints.csv.zip
      hash: md5
      md5: cb2a3fbca498d4071ed7a15720221418
      size: 765270866
    - path: train.py
      hash: md5
      md5: 89e2422a7b833cf61f37965e69f57312
      size: 6713
  evaluate@LogisticRegression-LocalClassifierPerParentNode-sigmoid-100-0.45-0.35:
    cmd: python evaluate.py  --base_classifier LogisticRegression --model LocalClassifierPerParentNode
      --calibration_method sigmoid --random_state 100 --train_split 0.45 --cal_split
      0.35
    deps:
    - path: data/complaints.csv.zip
      hash: md5
      md5: cb2a3fbca498d4071ed7a15720221418
      size: 765270866
    - path: evaluate.py
      hash: md5
      md5: f39d69169e01e614b1eba6074746c5aa
      size: 4164
    - path: results/calibration/
      hash: md5
      md5: ee8be97f66337d84203ea1c1fd80c90c.dir
      size: 19801199
      nfiles: 2
  evaluate@LogisticRegression-LocalClassifierPerParentNode-isotonic-100-0.45-0.35:
    cmd: python evaluate.py  --base_classifier LogisticRegression --model LocalClassifierPerParentNode
      --calibration_method isotonic --random_state 100 --train_split 0.45 --cal_split
      0.35
    deps:
    - path: data/complaints.csv.zip
      hash: md5
      md5: cb2a3fbca498d4071ed7a15720221418
      size: 765270866
    - path: evaluate.py
      hash: md5
      md5: f39d69169e01e614b1eba6074746c5aa
      size: 4164
    - path: results/calibration/
      hash: md5
      md5: ee8be97f66337d84203ea1c1fd80c90c.dir
      size: 19801199
      nfiles: 2
  train@LogisticRegression-LocalClassifierPerParentNode-100-0.7-0.2:
    cmd: python train.py  --base_classifier LogisticRegression --model LocalClassifierPerParentNode
      --n_jobs 4 --random_state 100 --train_split 0.7 --cal_split 0.2
    deps:
    - path: data/complaints.csv.zip
      hash: md5
      md5: cb2a3fbca498d4071ed7a15720221418
      size: 765270866
    - path: train.py
      hash: md5
      md5: cf927265b4e2e13a6d46ec416bbb3481
      size: 4738
  calibrate@LogisticRegression-LocalClassifierPerParentNode-sigmoid-100-0.7-0.2:
    cmd: python calibrate.py  --base_classifier LogisticRegression --model LocalClassifierPerParentNode
      --calibration_method sigmoid --random_state 100 --train_split 0.7 --cal_split
      0.2
    deps:
    - path: calibrate.py
      hash: md5
      md5: 0054f5d0c079e986230a206b82dc1fc2
      size: 3026
    - path: data/complaints.csv.zip
      hash: md5
      md5: cb2a3fbca498d4071ed7a15720221418
      size: 765270866
    - path: results/train/
      hash: md5
      md5: d3f66d6bf0901432034a2b8b8c9ef395.dir
      size: 14657401
      nfiles: 2
  calibrate@LogisticRegression-LocalClassifierPerParentNode-isotonic-100-0.7-0.2:
    cmd: python calibrate.py  --base_classifier LogisticRegression --model LocalClassifierPerParentNode
      --calibration_method isotonic --random_state 100 --train_split 0.7 --cal_split
      0.2
    deps:
    - path: calibrate.py
      hash: md5
      md5: 0054f5d0c079e986230a206b82dc1fc2
      size: 3026
    - path: data/complaints.csv.zip
      hash: md5
      md5: cb2a3fbca498d4071ed7a15720221418
      size: 765270866
    - path: results/train/
      hash: md5
      md5: d3f66d6bf0901432034a2b8b8c9ef395.dir
      size: 14657401
      nfiles: 2
  calibrate@LogisticRegression-LocalClassifierPerParentNode-None-100-0.7-0.2:
    cmd: python calibrate.py  --base_classifier LogisticRegression --model LocalClassifierPerParentNode
      --calibration_method None --random_state 100 --train_split 0.7 --cal_split 0.2
    deps:
    - path: calibrate.py
      hash: md5
      md5: 0054f5d0c079e986230a206b82dc1fc2
      size: 3026
    - path: data/complaints.csv.zip
      hash: md5
      md5: cb2a3fbca498d4071ed7a15720221418
      size: 765270866
    - path: results/train/
      hash: md5
      md5: d3f66d6bf0901432034a2b8b8c9ef395.dir
      size: 14657401
      nfiles: 2
  evaluate@LogisticRegression-LocalClassifierPerParentNode-sigmoid-100-0.7-0.2:
    cmd: python evaluate.py  --base_classifier LogisticRegression --model LocalClassifierPerParentNode
      --calibration_method sigmoid --random_state 100 --train_split 0.7 --cal_split
      0.2
    deps:
    - path: data/complaints.csv.zip
      hash: md5
      md5: cb2a3fbca498d4071ed7a15720221418
      size: 765270866
    - path: evaluate.py
      hash: md5
      md5: ebd7ffdf0919c68c3361d672833caa68
      size: 4935
    - path: results/calibration/
      hash: md5
      md5: 5b57ffce31fdadc3444772565756fa66.dir
      size: 178326921
      nfiles: 12
  evaluate@LogisticRegression-LocalClassifierPerParentNode-isotonic-100-0.7-0.2:
    cmd: python evaluate.py  --base_classifier LogisticRegression --model LocalClassifierPerParentNode
      --calibration_method isotonic --random_state 100 --train_split 0.7 --cal_split
      0.2
    deps:
    - path: data/complaints.csv.zip
      hash: md5
      md5: cb2a3fbca498d4071ed7a15720221418
      size: 765270866
    - path: evaluate.py
      hash: md5
      md5: ebd7ffdf0919c68c3361d672833caa68
      size: 4935
    - path: results/calibration/
      hash: md5
      md5: 5b57ffce31fdadc3444772565756fa66.dir
      size: 178326921
      nfiles: 12
  evaluate@LogisticRegression-LocalClassifierPerParentNode-None-100-0.7-0.2:
    cmd: python evaluate.py  --base_classifier LogisticRegression --model LocalClassifierPerParentNode
      --calibration_method None --random_state 100 --train_split 0.7 --cal_split 0.2
    deps:
    - path: data/complaints.csv.zip
      hash: md5
      md5: cb2a3fbca498d4071ed7a15720221418
      size: 765270866
    - path: evaluate.py
      hash: md5
      md5: ebd7ffdf0919c68c3361d672833caa68
      size: 4935
    - path: results/calibration/
      hash: md5
      md5: 5b57ffce31fdadc3444772565756fa66.dir
      size: 178326921
      nfiles: 12
  train@CatBoostClassifier-LocalClassifierPerParentNode-100-0.7-0.2:
    cmd: python train.py  --base_classifier CatBoostClassifier --model LocalClassifierPerParentNode
      --n_jobs 4 --random_state 100 --train_split 0.7 --cal_split 0.2
    deps:
    - path: data/complaints.csv.zip
      hash: md5
      md5: cb2a3fbca498d4071ed7a15720221418
      size: 765270866
    - path: train.py
      hash: md5
      md5: d40557cb9617fc061c9fa8618115c79b
      size: 4168
  calibrate@CatBoostClassifier-LocalClassifierPerParentNode-sigmoid-100-0.7-0.2:
    cmd: python calibrate.py  --base_classifier CatBoostClassifier --model LocalClassifierPerParentNode
      --calibration_method sigmoid --random_state 100 --train_split 0.7 --cal_split
      0.2
    deps:
    - path: calibrate.py
      hash: md5
      md5: 1a0978cade96d07105415220223e34bc
      size: 2328
    - path: data/complaints.csv.zip
      hash: md5
      md5: cb2a3fbca498d4071ed7a15720221418
      size: 765270866
    - path: results/train/
      hash: md5
      md5: 30da63a3a6251eb67f0becc36d45b25e.dir
      size: 54422181
      nfiles: 2
  calibrate@CatBoostClassifier-LocalClassifierPerParentNode-isotonic-100-0.7-0.2:
    cmd: python calibrate.py  --base_classifier CatBoostClassifier --model LocalClassifierPerParentNode
      --calibration_method isotonic --random_state 100 --train_split 0.7 --cal_split
      0.2
    deps:
    - path: calibrate.py
      hash: md5
      md5: 1a0978cade96d07105415220223e34bc
      size: 2328
    - path: data/complaints.csv.zip
      hash: md5
      md5: cb2a3fbca498d4071ed7a15720221418
      size: 765270866
    - path: results/train/
      hash: md5
      md5: 30da63a3a6251eb67f0becc36d45b25e.dir
      size: 54422181
      nfiles: 2
  calibrate@CatBoostClassifier-LocalClassifierPerParentNode-None-100-0.7-0.2:
    cmd: python calibrate.py  --base_classifier CatBoostClassifier --model LocalClassifierPerParentNode
      --calibration_method None --random_state 100 --train_split 0.7 --cal_split 0.2
    deps:
    - path: calibrate.py
      hash: md5
      md5: 1a0978cade96d07105415220223e34bc
      size: 2328
    - path: data/complaints.csv.zip
      hash: md5
      md5: cb2a3fbca498d4071ed7a15720221418
      size: 765270866
    - path: results/train/
      hash: md5
      md5: 30da63a3a6251eb67f0becc36d45b25e.dir
      size: 54422181
      nfiles: 2
  evaluate@CatBoostClassifier-LocalClassifierPerParentNode-sigmoid-100-0.7-0.2:
    cmd: python evaluate.py  --base_classifier CatBoostClassifier --model LocalClassifierPerParentNode
      --calibration_method sigmoid --random_state 100 --train_split 0.7 --cal_split
      0.2
    deps:
    - path: data/complaints.csv.zip
      hash: md5
      md5: cb2a3fbca498d4071ed7a15720221418
      size: 765270866
    - path: evaluate.py
      hash: md5
      md5: 79dea3c41f12c117bd911b5bae5e2ab6
      size: 4375
    - path: results/calibration/
      hash: md5
      md5: deff2f79c62aa6b925371be091168fbf.dir
      size: 262081748
      nfiles: 6
  evaluate@CatBoostClassifier-LocalClassifierPerParentNode-isotonic-100-0.7-0.2:
    cmd: python evaluate.py  --base_classifier CatBoostClassifier --model LocalClassifierPerParentNode
      --calibration_method isotonic --random_state 100 --train_split 0.7 --cal_split
      0.2
    deps:
    - path: data/complaints.csv.zip
      hash: md5
      md5: cb2a3fbca498d4071ed7a15720221418
      size: 765270866
    - path: evaluate.py
      hash: md5
      md5: 79dea3c41f12c117bd911b5bae5e2ab6
      size: 4375
    - path: results/calibration/
      hash: md5
      md5: deff2f79c62aa6b925371be091168fbf.dir
      size: 262081748
      nfiles: 6
  evaluate@CatBoostClassifier-LocalClassifierPerParentNode-None-100-0.7-0.2:
    cmd: python evaluate.py  --base_classifier CatBoostClassifier --model LocalClassifierPerParentNode
      --calibration_method None --random_state 100 --train_split 0.7 --cal_split 0.2
    deps:
    - path: data/complaints.csv.zip
      hash: md5
      md5: cb2a3fbca498d4071ed7a15720221418
      size: 765270866
    - path: evaluate.py
      hash: md5
      md5: 79dea3c41f12c117bd911b5bae5e2ab6
      size: 4375
    - path: results/calibration/
      hash: md5
      md5: deff2f79c62aa6b925371be091168fbf.dir
      size: 262081748
      nfiles: 6
  prepare:
    cmd: python prepare_benchmarking.py
  train@LogisticRegression-LocalClassifierPerNode-100-0.7-0.2:
    cmd: python train.py  --base_classifier LogisticRegression --model LocalClassifierPerNode
      --n_jobs 4 --random_state 100 --train_split 0.7 --cal_split 0.2
    deps:
    - path: data/complaints.csv.zip
      hash: md5
      md5: cb2a3fbca498d4071ed7a15720221418
      size: 765270866
    - path: train.py
      hash: md5
      md5: cf927265b4e2e13a6d46ec416bbb3481
      size: 4738
  calibrate@LogisticRegression-LocalClassifierPerNode-sigmoid-100-0.7-0.2:
    cmd: python calibrate.py  --base_classifier LogisticRegression --model LocalClassifierPerNode
      --calibration_method sigmoid --random_state 100 --train_split 0.7 --cal_split
      0.2
    deps:
    - path: calibrate.py
      hash: md5
      md5: 0054f5d0c079e986230a206b82dc1fc2
      size: 3026
    - path: data/complaints.csv.zip
      hash: md5
      md5: cb2a3fbca498d4071ed7a15720221418
      size: 765270866
    - path: results/train/
      hash: md5
      md5: d3f66d6bf0901432034a2b8b8c9ef395.dir
      size: 14657401
      nfiles: 2
  calibrate@LogisticRegression-LocalClassifierPerNode-isotonic-100-0.7-0.2:
    cmd: python calibrate.py  --base_classifier LogisticRegression --model LocalClassifierPerNode
      --calibration_method isotonic --random_state 100 --train_split 0.7 --cal_split
      0.2
    deps:
    - path: calibrate.py
      hash: md5
      md5: 0054f5d0c079e986230a206b82dc1fc2
      size: 3026
    - path: data/complaints.csv.zip
      hash: md5
      md5: cb2a3fbca498d4071ed7a15720221418
      size: 765270866
    - path: results/train/
      hash: md5
      md5: d3f66d6bf0901432034a2b8b8c9ef395.dir
      size: 14657401
      nfiles: 2
  calibrate@LogisticRegression-LocalClassifierPerNode-None-100-0.7-0.2:
    cmd: python calibrate.py  --base_classifier LogisticRegression --model LocalClassifierPerNode
      --calibration_method None --random_state 100 --train_split 0.7 --cal_split 0.2
    deps:
    - path: calibrate.py
      hash: md5
      md5: 0054f5d0c079e986230a206b82dc1fc2
      size: 3026
    - path: data/complaints.csv.zip
      hash: md5
      md5: cb2a3fbca498d4071ed7a15720221418
      size: 765270866
    - path: results/train/
      hash: md5
      md5: d3f66d6bf0901432034a2b8b8c9ef395.dir
      size: 14657401
      nfiles: 2
  evaluate@LogisticRegression-LocalClassifierPerNode-sigmoid-100-0.7-0.2:
    cmd: python evaluate.py  --base_classifier LogisticRegression --model LocalClassifierPerNode
      --calibration_method sigmoid --random_state 100 --train_split 0.7 --cal_split
      0.2
    deps:
    - path: data/complaints.csv.zip
      hash: md5
      md5: cb2a3fbca498d4071ed7a15720221418
      size: 765270866
    - path: evaluate.py
      hash: md5
      md5: ebd7ffdf0919c68c3361d672833caa68
      size: 4935
    - path: results/calibration/
      hash: md5
      md5: 5b57ffce31fdadc3444772565756fa66.dir
      size: 178326921
      nfiles: 12
  evaluate@LogisticRegression-LocalClassifierPerNode-isotonic-100-0.7-0.2:
    cmd: python evaluate.py  --base_classifier LogisticRegression --model LocalClassifierPerNode
      --calibration_method isotonic --random_state 100 --train_split 0.7 --cal_split
      0.2
    deps:
    - path: data/complaints.csv.zip
      hash: md5
      md5: cb2a3fbca498d4071ed7a15720221418
      size: 765270866
    - path: evaluate.py
      hash: md5
      md5: ebd7ffdf0919c68c3361d672833caa68
      size: 4935
    - path: results/calibration/
      hash: md5
      md5: 5b57ffce31fdadc3444772565756fa66.dir
      size: 178326921
      nfiles: 12
  evaluate@LogisticRegression-LocalClassifierPerNode-None-100-0.7-0.2:
    cmd: python evaluate.py  --base_classifier LogisticRegression --model LocalClassifierPerNode
      --calibration_method None --random_state 100 --train_split 0.7 --cal_split 0.2
    deps:
    - path: data/complaints.csv.zip
      hash: md5
      md5: cb2a3fbca498d4071ed7a15720221418
      size: 765270866
    - path: evaluate.py
      hash: md5
      md5: ebd7ffdf0919c68c3361d672833caa68
      size: 4935
    - path: results/calibration/
      hash: md5
      md5: 5b57ffce31fdadc3444772565756fa66.dir
      size: 178326921
      nfiles: 12
  train@LogisticRegression-LocalClassifierPerParentNode-100-0.7-0.2-4:
    cmd: python train.py  --base_classifier LogisticRegression --model LocalClassifierPerParentNode
      --n_jobs 4 --random_state 100 --train_split 0.7 --cal_split 0.2
    deps:
    - path: data/complaints.csv.zip
      hash: md5
      md5: cb2a3fbca498d4071ed7a15720221418
      size: 765270866
    - path: train.py
      hash: md5
      md5: 2b8618657e5d70d77e6781d2f86631f7
      size: 4656
  train@LogisticRegression-LocalClassifierPerNode-100-0.7-0.2-4:
    cmd: python train.py  --base_classifier LogisticRegression --model LocalClassifierPerNode
      --n_jobs 4 --random_state 100 --train_split 0.7 --cal_split 0.2
    deps:
    - path: data/complaints.csv.zip
      hash: md5
      md5: cb2a3fbca498d4071ed7a15720221418
      size: 765270866
    - path: train.py
      hash: md5
      md5: 2b8618657e5d70d77e6781d2f86631f7
      size: 4656
  calibrate@LogisticRegression-LocalClassifierPerParentNode-sigmoid-100-0.7-0.2-4:
    cmd: python calibrate.py  --base_classifier LogisticRegression --model LocalClassifierPerParentNode
      --calibration_method sigmoid --n_jobs 4 --random_state 100 --train_split 0.7
      --cal_split 0.2
    deps:
    - path: calibrate.py
      hash: md5
      md5: 26bc1959e8e7953debc325fc4d84e509
      size: 3352
    - path: data/complaints.csv.zip
      hash: md5
      md5: cb2a3fbca498d4071ed7a15720221418
      size: 765270866
    - path: results/train/
      hash: md5
      md5: 8ba379fd411e1de2931c27d12c40f2e1.dir
      size: 37945063
      nfiles: 2
  calibrate@LogisticRegression-LocalClassifierPerParentNode-isotonic-100-0.7-0.2-4:
    cmd: python calibrate.py  --base_classifier LogisticRegression --model LocalClassifierPerParentNode
      --calibration_method isotonic --n_jobs 4 --random_state 100 --train_split 0.7
      --cal_split 0.2
    deps:
    - path: calibrate.py
      hash: md5
      md5: 26bc1959e8e7953debc325fc4d84e509
      size: 3352
    - path: data/complaints.csv.zip
      hash: md5
      md5: cb2a3fbca498d4071ed7a15720221418
      size: 765270866
    - path: results/train/
      hash: md5
      md5: 8ba379fd411e1de2931c27d12c40f2e1.dir
      size: 37945063
      nfiles: 2
  calibrate@LogisticRegression-LocalClassifierPerParentNode-None-100-0.7-0.2-4:
    cmd: python calibrate.py  --base_classifier LogisticRegression --model LocalClassifierPerParentNode
      --calibration_method None --n_jobs 4 --random_state 100 --train_split 0.7 --cal_split
      0.2
    deps:
    - path: calibrate.py
      hash: md5
      md5: 26bc1959e8e7953debc325fc4d84e509
      size: 3352
    - path: data/complaints.csv.zip
      hash: md5
      md5: cb2a3fbca498d4071ed7a15720221418
      size: 765270866
    - path: results/train/
      hash: md5
      md5: 8ba379fd411e1de2931c27d12c40f2e1.dir
      size: 37945063
      nfiles: 2
  calibrate@LogisticRegression-LocalClassifierPerNode-sigmoid-100-0.7-0.2-4:
    cmd: python calibrate.py  --base_classifier LogisticRegression --model LocalClassifierPerNode
      --calibration_method sigmoid --n_jobs 4 --random_state 100 --train_split 0.7
      --cal_split 0.2
    deps:
    - path: calibrate.py
      hash: md5
      md5: 26bc1959e8e7953debc325fc4d84e509
      size: 3352
    - path: data/complaints.csv.zip
      hash: md5
      md5: cb2a3fbca498d4071ed7a15720221418
      size: 765270866
    - path: results/train/
      hash: md5
      md5: 8ba379fd411e1de2931c27d12c40f2e1.dir
      size: 37945063
      nfiles: 2
  calibrate@LogisticRegression-LocalClassifierPerNode-isotonic-100-0.7-0.2-4:
    cmd: python calibrate.py  --base_classifier LogisticRegression --model LocalClassifierPerNode
      --calibration_method isotonic --n_jobs 4 --random_state 100 --train_split 0.7
      --cal_split 0.2
    deps:
    - path: calibrate.py
      hash: md5
      md5: 26bc1959e8e7953debc325fc4d84e509
      size: 3352
    - path: data/complaints.csv.zip
      hash: md5
      md5: cb2a3fbca498d4071ed7a15720221418
      size: 765270866
    - path: results/train/
      hash: md5
      md5: 8ba379fd411e1de2931c27d12c40f2e1.dir
      size: 37945063
      nfiles: 2
  calibrate@LogisticRegression-LocalClassifierPerNode-None-100-0.7-0.2-4:
    cmd: python calibrate.py  --base_classifier LogisticRegression --model LocalClassifierPerNode
      --calibration_method None --n_jobs 4 --random_state 100 --train_split 0.7 --cal_split
      0.2
    deps:
    - path: calibrate.py
      hash: md5
      md5: 26bc1959e8e7953debc325fc4d84e509
      size: 3352
    - path: data/complaints.csv.zip
      hash: md5
      md5: cb2a3fbca498d4071ed7a15720221418
      size: 765270866
    - path: results/train/
      hash: md5
      md5: 8ba379fd411e1de2931c27d12c40f2e1.dir
      size: 37945063
      nfiles: 2
  calibrate@LogisticRegression-LocalClassifierPerParentNode-beta-100-0.7-0.2-4:
    cmd: python calibrate.py  --base_classifier LogisticRegression --model LocalClassifierPerParentNode
      --calibration_method beta --n_jobs 4 --random_state 100 --train_split 0.7 --cal_split
      0.2
    deps:
    - path: calibrate.py
      hash: md5
      md5: 26bc1959e8e7953debc325fc4d84e509
      size: 3352
    - path: data/complaints.csv.zip
      hash: md5
      md5: cb2a3fbca498d4071ed7a15720221418
      size: 765270866
    - path: results/train/
      hash: md5
      md5: 8ba379fd411e1de2931c27d12c40f2e1.dir
      size: 37945063
      nfiles: 2
  calibrate@LogisticRegression-LocalClassifierPerParentNode-ivap-100-0.7-0.2-4:
    cmd: python calibrate.py  --base_classifier LogisticRegression --model LocalClassifierPerParentNode
      --calibration_method ivap --n_jobs 4 --random_state 100 --train_split 0.7 --cal_split
      0.2
    deps:
    - path: calibrate.py
      hash: md5
      md5: 26bc1959e8e7953debc325fc4d84e509
      size: 3352
    - path: data/complaints.csv.zip
      hash: md5
      md5: cb2a3fbca498d4071ed7a15720221418
      size: 765270866
    - path: results/train/
      hash: md5
      md5: 8ba379fd411e1de2931c27d12c40f2e1.dir
      size: 37945063
      nfiles: 2
  calibrate@LogisticRegression-LocalClassifierPerParentNode-cvap-100-0.7-0.2-4:
    cmd: python calibrate.py  --base_classifier LogisticRegression --model LocalClassifierPerParentNode
      --calibration_method cvap --n_jobs 4 --random_state 100 --train_split 0.7 --cal_split
      0.2
    deps:
    - path: calibrate.py
      hash: md5
      md5: 26bc1959e8e7953debc325fc4d84e509
      size: 3352
    - path: data/complaints.csv.zip
      hash: md5
      md5: cb2a3fbca498d4071ed7a15720221418
      size: 765270866
    - path: results/train/
      hash: md5
      md5: 8ba379fd411e1de2931c27d12c40f2e1.dir
      size: 37945063
      nfiles: 2
  calibrate@LogisticRegression-LocalClassifierPerNode-cvap-100-0.7-0.2-4:
    cmd: python calibrate.py  --base_classifier LogisticRegression --model LocalClassifierPerNode
      --calibration_method cvap --n_jobs 4 --random_state 100 --train_split 0.7 --cal_split
      0.2
    deps:
    - path: calibrate.py
      hash: md5
      md5: 26bc1959e8e7953debc325fc4d84e509
      size: 3352
    - path: data/complaints.csv.zip
      hash: md5
      md5: cb2a3fbca498d4071ed7a15720221418
      size: 765270866
    - path: results/train/
      hash: md5
      md5: 8ba379fd411e1de2931c27d12c40f2e1.dir
      size: 37945063
      nfiles: 2
  evaluate@LogisticRegression-LocalClassifierPerParentNode-cvap-100-0.7-0.2:
    cmd: python evaluate.py  --base_classifier LogisticRegression --model LocalClassifierPerParentNode
      --calibration_method cvap --random_state 100 --train_split 0.7 --cal_split 0.2
    deps:
    - path: data/complaints.csv.zip
      hash: md5
      md5: cb2a3fbca498d4071ed7a15720221418
      size: 765270866
    - path: evaluate.py
      hash: md5
      md5: ebd7ffdf0919c68c3361d672833caa68
      size: 4935
    - path: results/calibration/
      hash: md5
      md5: 5b57ffce31fdadc3444772565756fa66.dir
      size: 178326921
      nfiles: 12
  evaluate@LogisticRegression-LocalClassifierPerNode-cvap-100-0.7-0.2:
    cmd: python evaluate.py  --base_classifier LogisticRegression --model LocalClassifierPerNode
      --calibration_method cvap --random_state 100 --train_split 0.7 --cal_split 0.2
    deps:
    - path: data/complaints.csv.zip
      hash: md5
      md5: cb2a3fbca498d4071ed7a15720221418
      size: 765270866
    - path: evaluate.py
      hash: md5
      md5: ebd7ffdf0919c68c3361d672833caa68
      size: 4935
    - path: results/calibration/
      hash: md5
      md5: 5b57ffce31fdadc3444772565756fa66.dir
      size: 178326921
      nfiles: 12
  calibrate@LogisticRegression-LocalClassifierPerNode-beta-100-0.7-0.2-4:
    cmd: python calibrate.py  --base_classifier LogisticRegression --model LocalClassifierPerNode
      --calibration_method beta --n_jobs 4 --random_state 100 --train_split 0.7 --cal_split
      0.2
    deps:
    - path: calibrate.py
      hash: md5
      md5: 26bc1959e8e7953debc325fc4d84e509
      size: 3352
    - path: data/complaints.csv.zip
      hash: md5
      md5: cb2a3fbca498d4071ed7a15720221418
      size: 765270866
    - path: results/train/
      hash: md5
      md5: 8ba379fd411e1de2931c27d12c40f2e1.dir
      size: 37945063
      nfiles: 2
  calibrate@LogisticRegression-LocalClassifierPerNode-ivap-100-0.7-0.2-4:
    cmd: python calibrate.py  --base_classifier LogisticRegression --model LocalClassifierPerNode
      --calibration_method ivap --n_jobs 4 --random_state 100 --train_split 0.7 --cal_split
      0.2
    deps:
    - path: calibrate.py
      hash: md5
      md5: 26bc1959e8e7953debc325fc4d84e509
      size: 3352
    - path: data/complaints.csv.zip
      hash: md5
      md5: cb2a3fbca498d4071ed7a15720221418
      size: 765270866
    - path: results/train/
      hash: md5
      md5: 8ba379fd411e1de2931c27d12c40f2e1.dir
      size: 37945063
      nfiles: 2
  evaluate@LogisticRegression-LocalClassifierPerParentNode-beta-100-0.7-0.2:
    cmd: python evaluate.py  --base_classifier LogisticRegression --model LocalClassifierPerParentNode
      --calibration_method beta --random_state 100 --train_split 0.7 --cal_split 0.2
    deps:
    - path: data/complaints.csv.zip
      hash: md5
      md5: cb2a3fbca498d4071ed7a15720221418
      size: 765270866
    - path: evaluate.py
      hash: md5
      md5: ebd7ffdf0919c68c3361d672833caa68
      size: 4935
    - path: results/calibration/
      hash: md5
      md5: 5b57ffce31fdadc3444772565756fa66.dir
      size: 178326921
      nfiles: 12
  evaluate@LogisticRegression-LocalClassifierPerParentNode-ivap-100-0.7-0.2:
    cmd: python evaluate.py  --base_classifier LogisticRegression --model LocalClassifierPerParentNode
      --calibration_method ivap --random_state 100 --train_split 0.7 --cal_split 0.2
    deps:
    - path: data/complaints.csv.zip
      hash: md5
      md5: cb2a3fbca498d4071ed7a15720221418
      size: 765270866
    - path: evaluate.py
      hash: md5
      md5: ebd7ffdf0919c68c3361d672833caa68
      size: 4935
    - path: results/calibration/
      hash: md5
      md5: 5b57ffce31fdadc3444772565756fa66.dir
      size: 178326921
      nfiles: 12
  evaluate@LogisticRegression-LocalClassifierPerNode-beta-100-0.7-0.2:
    cmd: python evaluate.py  --base_classifier LogisticRegression --model LocalClassifierPerNode
      --calibration_method beta --random_state 100 --train_split 0.7 --cal_split 0.2
    deps:
    - path: data/complaints.csv.zip
      hash: md5
      md5: cb2a3fbca498d4071ed7a15720221418
      size: 765270866
    - path: evaluate.py
      hash: md5
      md5: ebd7ffdf0919c68c3361d672833caa68
      size: 4935
    - path: results/calibration/
      hash: md5
      md5: 5b57ffce31fdadc3444772565756fa66.dir
      size: 178326921
      nfiles: 12
  evaluate@LogisticRegression-LocalClassifierPerNode-ivap-100-0.7-0.2:
    cmd: python evaluate.py  --base_classifier LogisticRegression --model LocalClassifierPerNode
      --calibration_method ivap --random_state 100 --train_split 0.7 --cal_split 0.2
    deps:
    - path: data/complaints.csv.zip
      hash: md5
      md5: cb2a3fbca498d4071ed7a15720221418
      size: 765270866
    - path: evaluate.py
      hash: md5
      md5: ebd7ffdf0919c68c3361d672833caa68
      size: 4935
    - path: results/calibration/
      hash: md5
      md5: 5b57ffce31fdadc3444772565756fa66.dir
      size: 178326921
      nfiles: 12
